
Microsoft Visual Studio Solution File, Format Version 12.00
# Visual Studio Version 16
VisualStudioVersion = 16.0.30717.126
MinimumVisualStudioVersion = 10.0.40219.1
Project("{2150E333-8FDC-42A3-9474-1A3956D46DE8}") = "src", "src", "{C1015DB8-40DE-4555-BA35-A09A81F488D0}"
EndProject
Project("{FAE04EC0-301F-11D3-BF4B-00C04F79EFBC}") = "SalesWebMvc", "SalesWebMvc\SalesWebMvc.csproj", "{60F8F335-276D-491E-AEBC-F374FA6AFFBF}"
EndProject
Global
	GlobalSection(SolutionConfigurationPlatforms) = preSolution
		Debug|Any CPU = Debug|Any CPU
		Release|Any CPU = Release|Any CPU
	EndGlobalSection
	GlobalSection(ProjectConfigurationPlatforms) = postSolution
		{60F8F335-276D-491E-AEBC-F374FA6AFFBF}.Debug|Any CPU.ActiveCfg = Debug|Any CPU
		{60F8F335-276D-491E-AEBC-F374FA6AFFBF}.Debug|Any CPU.Build.0 = Debug|Any CPU
		{60F8F335-276D-491E-AEBC-F374FA6AFFBF}.Release|Any CPU.ActiveCfg = Release|Any CPU
		{60F8F335-276D-491E-AEBC-F374FA6AFFBF}.Release|Any CPU.Build.0 = Release|Any CPU
	EndGlobalSection
	GlobalSection(SolutionProperties) = preSolution
		HideSolutionNode = FALSE
	EndGlobalSection
	GlobalSection(NestedProjects) = preSolution
		{60F8F335-276D-491E-AEBC-F374FA6AFFBF} = {C1015DB8-40DE-4555-BA35-A09A81F488D0}
	EndGlobalSection
	GlobalSection(ExtensibilityGlobals) = postSolution
		SolutionGuid = {A2EDF122-C28B-4501-A290-263223172AE7}
	EndGlobalSection
EndGlobal
